// !$*UTF8*$!
{
	archiveVersion = 1;
	classes = {
	};
	objectVersion = 55;
	objects = {

/* Begin PBXBuildFile section */
		0869E36127E1B3360067E880 /* NSObject+GACRetainCount.m in Sources */ = {isa = PBXBuildFile; fileRef = 0869E35F27E1B3360067E880 /* NSObject+GACRetainCount.m */; };
		086B556227D1C08B00E844D0 /* AppDelegate.m in Sources */ = {isa = PBXBuildFile; fileRef = 086B556127D1C08B00E844D0 /* AppDelegate.m */; };
		086B556827D1C08B00E844D0 /* MainViewController.m in Sources */ = {isa = PBXBuildFile; fileRef = 086B556727D1C08B00E844D0 /* MainViewController.m */; };
		086B556B27D1C08B00E844D0 /* Main.storyboard in Resources */ = {isa = PBXBuildFile; fileRef = 086B556927D1C08B00E844D0 /* Main.storyboard */; };
		086B556D27D1C08F00E844D0 /* Assets.xcassets in Resources */ = {isa = PBXBuildFile; fileRef = 086B556C27D1C08F00E844D0 /* Assets.xcassets */; };
		086B557027D1C08F00E844D0 /* LaunchScreen.storyboard in Resources */ = {isa = PBXBuildFile; fileRef = 086B556E27D1C08F00E844D0 /* LaunchScreen.storyboard */; };
		086B557327D1C08F00E844D0 /* main.m in Sources */ = {isa = PBXBuildFile; fileRef = 086B557227D1C08F00E844D0 /* main.m */; };
		086B557C27D1E7D200E844D0 /* UIButton+Enlarge.m in Sources */ = {isa = PBXBuildFile; fileRef = 086B557B27D1E7D200E844D0 /* UIButton+Enlarge.m */; };
		086B558027D20F4600E844D0 /* SecondViewController.m in Sources */ = {isa = PBXBuildFile; fileRef = 086B557F27D20F4600E844D0 /* SecondViewController.m */; };
		08D0209427E02E7000281009 /* NSMutableURLRequest+RangeDownload.m in Sources */ = {isa = PBXBuildFile; fileRef = 08D0209327E02E7000281009 /* NSMutableURLRequest+RangeDownload.m */; };
		08D0209727E033ED00281009 /* DownLoader.m in Sources */ = {isa = PBXBuildFile; fileRef = 08D0209627E033ED00281009 /* DownLoader.m */; };
		08ED1B1627D5EC96007D6DC6 /* TestObject.m in Sources */ = {isa = PBXBuildFile; fileRef = 08ED1B1527D5EC96007D6DC6 /* TestObject.m */; };
		08ED1B3F27D740C5007D6DC6 /* HomeNavigationBar.m in Sources */ = {isa = PBXBuildFile; fileRef = 08ED1B3E27D740C5007D6DC6 /* HomeNavigationBar.m */; };
		08ED1B4327D75B73007D6DC6 /* BarButton.m in Sources */ = {isa = PBXBuildFile; fileRef = 08ED1B4227D75B73007D6DC6 /* BarButton.m */; };
		08ED1B4727D89634007D6DC6 /* Person.m in Sources */ = {isa = PBXBuildFile; fileRef = 08ED1B4627D89634007D6DC6 /* Person.m */; };
		08ED1B7C27D9D0D0007D6DC6 /* Person+A.m in Sources */ = {isa = PBXBuildFile; fileRef = 08ED1B7B27D9D0D0007D6DC6 /* Person+A.m */; };
		75367DF00005D5F159164EA4 /* Pods_BaseModuleAppOldConfig.framework in Frameworks */ = {isa = PBXBuildFile; fileRef = F646ED55672AC8E1251E7550 /* Pods_BaseModuleAppOldConfig.framework */; };
/* End PBXBuildFile section */

/* Begin PBXFileReference section */
		0869E35F27E1B3360067E880 /* NSObject+GACRetainCount.m */ = {isa = PBXFileReference; fileEncoding = 4; lastKnownFileType = sourcecode.c.objc; path = "NSObject+GACRetainCount.m"; sourceTree = "<group>"; };
		0869E36027E1B3360067E880 /* NSObject+GACRetainCount.h */ = {isa = PBXFileReference; fileEncoding = 4; lastKnownFileType = sourcecode.c.h; path = "NSObject+GACRetainCount.h"; sourceTree = "<group>"; };
		086B555D27D1C08B00E844D0 /* BaseModuleAppOldConfig.app */ = {isa = PBXFileReference; explicitFileType = wrapper.application; includeInIndex = 0; path = BaseModuleAppOldConfig.app; sourceTree = BUILT_PRODUCTS_DIR; };
		086B556027D1C08B00E844D0 /* AppDelegate.h */ = {isa = PBXFileReference; lastKnownFileType = sourcecode.c.h; path = AppDelegate.h; sourceTree = "<group>"; };
		086B556127D1C08B00E844D0 /* AppDelegate.m */ = {isa = PBXFileReference; lastKnownFileType = sourcecode.c.objc; path = AppDelegate.m; sourceTree = "<group>"; };
		086B556627D1C08B00E844D0 /* MainViewController.h */ = {isa = PBXFileReference; lastKnownFileType = sourcecode.c.h; path = MainViewController.h; sourceTree = "<group>"; };
		086B556727D1C08B00E844D0 /* MainViewController.m */ = {isa = PBXFileReference; lastKnownFileType = sourcecode.c.objc; path = MainViewController.m; sourceTree = "<group>"; };
		086B556A27D1C08B00E844D0 /* Base */ = {isa = PBXFileReference; lastKnownFileType = file.storyboard; name = Base; path = Base.lproj/Main.storyboard; sourceTree = "<group>"; };
		086B556C27D1C08F00E844D0 /* Assets.xcassets */ = {isa = PBXFileReference; lastKnownFileType = folder.assetcatalog; path = Assets.xcassets; sourceTree = "<group>"; };
		086B556F27D1C08F00E844D0 /* Base */ = {isa = PBXFileReference; lastKnownFileType = file.storyboard; name = Base; path = Base.lproj/LaunchScreen.storyboard; sourceTree = "<group>"; };
		086B557127D1C08F00E844D0 /* Info.plist */ = {isa = PBXFileReference; lastKnownFileType = text.plist.xml; path = Info.plist; sourceTree = "<group>"; };
		086B557227D1C08F00E844D0 /* main.m */ = {isa = PBXFileReference; lastKnownFileType = sourcecode.c.objc; path = main.m; sourceTree = "<group>"; };
		086B557A27D1E7D200E844D0 /* UIButton+Enlarge.h */ = {isa = PBXFileReference; lastKnownFileType = sourcecode.c.h; path = "UIButton+Enlarge.h"; sourceTree = "<group>"; };
		086B557B27D1E7D200E844D0 /* UIButton+Enlarge.m */ = {isa = PBXFileReference; lastKnownFileType = sourcecode.c.objc; path = "UIButton+Enlarge.m"; sourceTree = "<group>"; };
		086B557E27D20F4600E844D0 /* SecondViewController.h */ = {isa = PBXFileReference; lastKnownFileType = sourcecode.c.h; path = SecondViewController.h; sourceTree = "<group>"; };
		086B557F27D20F4600E844D0 /* SecondViewController.m */ = {isa = PBXFileReference; lastKnownFileType = sourcecode.c.objc; path = SecondViewController.m; sourceTree = "<group>"; };
		08D0209227E02E7000281009 /* NSMutableURLRequest+RangeDownload.h */ = {isa = PBXFileReference; lastKnownFileType = sourcecode.c.h; path = "NSMutableURLRequest+RangeDownload.h"; sourceTree = "<group>"; };
		08D0209327E02E7000281009 /* NSMutableURLRequest+RangeDownload.m */ = {isa = PBXFileReference; lastKnownFileType = sourcecode.c.objc; path = "NSMutableURLRequest+RangeDownload.m"; sourceTree = "<group>"; };
		08D0209527E033ED00281009 /* DownLoader.h */ = {isa = PBXFileReference; lastKnownFileType = sourcecode.c.h; path = DownLoader.h; sourceTree = "<group>"; };
		08D0209627E033ED00281009 /* DownLoader.m */ = {isa = PBXFileReference; lastKnownFileType = sourcecode.c.objc; path = DownLoader.m; sourceTree = "<group>"; };
		08ED1B1427D5EC96007D6DC6 /* TestObject.h */ = {isa = PBXFileReference; lastKnownFileType = sourcecode.c.h; path = TestObject.h; sourceTree = "<group>"; };
		08ED1B1527D5EC96007D6DC6 /* TestObject.m */ = {isa = PBXFileReference; lastKnownFileType = sourcecode.c.objc; path = TestObject.m; sourceTree = "<group>"; };
		08ED1B3D27D740C5007D6DC6 /* HomeNavigationBar.h */ = {isa = PBXFileReference; lastKnownFileType = sourcecode.c.h; path = HomeNavigationBar.h; sourceTree = "<group>"; };
		08ED1B3E27D740C5007D6DC6 /* HomeNavigationBar.m */ = {isa = PBXFileReference; lastKnownFileType = sourcecode.c.objc; path = HomeNavigationBar.m; sourceTree = "<group>"; };
		08ED1B4127D75B73007D6DC6 /* BarButton.h */ = {isa = PBXFileReference; lastKnownFileType = sourcecode.c.h; path = BarButton.h; sourceTree = "<group>"; };
		08ED1B4227D75B73007D6DC6 /* BarButton.m */ = {isa = PBXFileReference; lastKnownFileType = sourcecode.c.objc; path = BarButton.m; sourceTree = "<group>"; };
		08ED1B4527D89634007D6DC6 /* Person.h */ = {isa = PBXFileReference; lastKnownFileType = sourcecode.c.h; path = Person.h; sourceTree = "<group>"; };
		08ED1B4627D89634007D6DC6 /* Person.m */ = {isa = PBXFileReference; lastKnownFileType = sourcecode.c.objc; path = Person.m; sourceTree = "<group>"; };
		08ED1B7A27D9D0D0007D6DC6 /* Person+A.h */ = {isa = PBXFileReference; lastKnownFileType = sourcecode.c.h; path = "Person+A.h"; sourceTree = "<group>"; };
		08ED1B7B27D9D0D0007D6DC6 /* Person+A.m */ = {isa = PBXFileReference; lastKnownFileType = sourcecode.c.objc; path = "Person+A.m"; sourceTree = "<group>"; };
		08ED1B7D27D9D38B007D6DC6 /* Person+PersonExtension.h */ = {isa = PBXFileReference; lastKnownFileType = sourcecode.c.h; path = "Person+PersonExtension.h"; sourceTree = "<group>"; };
		5795A7472F3C5E8CA9D6BB38 /* Pods-BaseModuleAppOldConfig.release.xcconfig */ = {isa = PBXFileReference; includeInIndex = 1; lastKnownFileType = text.xcconfig; name = "Pods-BaseModuleAppOldConfig.release.xcconfig"; path = "Target Support Files/Pods-BaseModuleAppOldConfig/Pods-BaseModuleAppOldConfig.release.xcconfig"; sourceTree = "<group>"; };
		AE4A3E9CC122F3D502A72DBC /* Pods-BaseModuleAppOldConfig.debug.xcconfig */ = {isa = PBXFileReference; includeInIndex = 1; lastKnownFileType = text.xcconfig; name = "Pods-BaseModuleAppOldConfig.debug.xcconfig"; path = "Target Support Files/Pods-BaseModuleAppOldConfig/Pods-BaseModuleAppOldConfig.debug.xcconfig"; sourceTree = "<group>"; };
		F646ED55672AC8E1251E7550 /* Pods_BaseModuleAppOldConfig.framework */ = {isa = PBXFileReference; explicitFileType = wrapper.framework; includeInIndex = 0; path = Pods_BaseModuleAppOldConfig.framework; sourceTree = BUILT_PRODUCTS_DIR; };
/* End PBXFileReference section */

/* Begin PBXFrameworksBuildPhase section */
		086B555A27D1C08B00E844D0 /* Frameworks */ = {
			isa = PBXFrameworksBuildPhase;
			buildActionMask = 2147483647;
			files = (
				75367DF00005D5F159164EA4 /* Pods_BaseModuleAppOldConfig.framework in Frameworks */,
			);
			runOnlyForDeploymentPostprocessing = 0;
		};
/* End PBXFrameworksBuildPhase section */

/* Begin PBXGroup section */
		0869E35E27E1B3360067E880 /* objc-retainCount */ = {
			isa = PBXGroup;
			children = (
				0869E35F27E1B3360067E880 /* NSObject+GACRetainCount.m */,
				0869E36027E1B3360067E880 /* NSObject+GACRetainCount.h */,
			);
			path = "objc-retainCount";
			sourceTree = "<group>";
		};
		086B555427D1C08B00E844D0 = {
			isa = PBXGroup;
			children = (
				086B555F27D1C08B00E844D0 /* BaseModuleAppOldConfig */,
				086B555E27D1C08B00E844D0 /* Products */,
				C45A53B33D1F19E16EE9F719 /* Pods */,
				59190E9EEBA91EC728660CF6 /* Frameworks */,
			);
			sourceTree = "<group>";
		};
		086B555E27D1C08B00E844D0 /* Products */ = {
			isa = PBXGroup;
			children = (
				086B555D27D1C08B00E844D0 /* BaseModuleAppOldConfig.app */,
			);
			name = Products;
			sourceTree = "<group>";
		};
		086B555F27D1C08B00E844D0 /* BaseModuleAppOldConfig */ = {
			isa = PBXGroup;
			children = (
				0869E35E27E1B3360067E880 /* objc-retainCount */,
				08ED1B4427D89623007D6DC6 /* Models */,
				08ED1B1227D5EC69007D6DC6 /* synthesize */,
				086B557927D1E78600E844D0 /* CategoryUtils */,
				08ED1B3C27D740A3007D6DC6 /* HomeNavigationBar */,
				086B556127D1C08B00E844D0 /* AppDelegate.m */,
				086B556027D1C08B00E844D0 /* AppDelegate.h */,
				086B556627D1C08B00E844D0 /* MainViewController.h */,
				086B556727D1C08B00E844D0 /* MainViewController.m */,
				086B557E27D20F4600E844D0 /* SecondViewController.h */,
				086B557F27D20F4600E844D0 /* SecondViewController.m */,
				086B556927D1C08B00E844D0 /* Main.storyboard */,
				086B556C27D1C08F00E844D0 /* Assets.xcassets */,
				086B556E27D1C08F00E844D0 /* LaunchScreen.storyboard */,
				086B557127D1C08F00E844D0 /* Info.plist */,
				086B557227D1C08F00E844D0 /* main.m */,
			);
			path = BaseModuleAppOldConfig;
			sourceTree = "<group>";
		};
		086B557927D1E78600E844D0 /* CategoryUtils */ = {
			isa = PBXGroup;
			children = (
				086B557A27D1E7D200E844D0 /* UIButton+Enlarge.h */,
				086B557B27D1E7D200E844D0 /* UIButton+Enlarge.m */,
			);
			path = CategoryUtils;
			sourceTree = "<group>";
		};
		08ED1B1227D5EC69007D6DC6 /* synthesize */ = {
			isa = PBXGroup;
			children = (
				08ED1B1427D5EC96007D6DC6 /* TestObject.h */,
				08ED1B1527D5EC96007D6DC6 /* TestObject.m */,
			);
			path = synthesize;
			sourceTree = "<group>";
		};
		08ED1B3C27D740A3007D6DC6 /* HomeNavigationBar */ = {
			isa = PBXGroup;
			children = (
				08ED1B3D27D740C5007D6DC6 /* HomeNavigationBar.h */,
				08ED1B3E27D740C5007D6DC6 /* HomeNavigationBar.m */,
				08ED1B4027D75B4B007D6DC6 /* UIStackView */,
			);
			path = HomeNavigationBar;
			sourceTree = "<group>";
		};
		08ED1B4027D75B4B007D6DC6 /* UIStackView */ = {
			isa = PBXGroup;
			children = (
				08ED1B4127D75B73007D6DC6 /* BarButton.h */,
				08ED1B4227D75B73007D6DC6 /* BarButton.m */,
			);
			path = UIStackView;
			sourceTree = "<group>";
		};
		08ED1B4427D89623007D6DC6 /* Models */ = {
			isa = PBXGroup;
			children = (
				08ED1B4527D89634007D6DC6 /* Person.h */,
				08ED1B4627D89634007D6DC6 /* Person.m */,
				08ED1B7D27D9D38B007D6DC6 /* Person+PersonExtension.h */,
				08ED1B7A27D9D0D0007D6DC6 /* Person+A.h */,
				08ED1B7B27D9D0D0007D6DC6 /* Person+A.m */,
				08D0209227E02E7000281009 /* NSMutableURLRequest+RangeDownload.h */,
				08D0209327E02E7000281009 /* NSMutableURLRequest+RangeDownload.m */,
				08D0209527E033ED00281009 /* DownLoader.h */,
				08D0209627E033ED00281009 /* DownLoader.m */,
			);
			path = Models;
			sourceTree = "<group>";
		};
		59190E9EEBA91EC728660CF6 /* Frameworks */ = {
			isa = PBXGroup;
			children = (
				F646ED55672AC8E1251E7550 /* Pods_BaseModuleAppOldConfig.framework */,
			);
			name = Frameworks;
			sourceTree = "<group>";
		};
		C45A53B33D1F19E16EE9F719 /* Pods */ = {
			isa = PBXGroup;
			children = (
				AE4A3E9CC122F3D502A72DBC /* Pods-BaseModuleAppOldConfig.debug.xcconfig */,
				5795A7472F3C5E8CA9D6BB38 /* Pods-BaseModuleAppOldConfig.release.xcconfig */,
			);
			path = Pods;
			sourceTree = "<group>";
		};
/* End PBXGroup section */

/* Begin PBXNativeTarget section */
		086B555C27D1C08B00E844D0 /* BaseModuleAppOldConfig */ = {
			isa = PBXNativeTarget;
			buildConfigurationList = 086B557627D1C08F00E844D0 /* Build configuration list for PBXNativeTarget "BaseModuleAppOldConfig" */;
			buildPhases = (
				74C61CE7B1231FE5151B4FB6 /* [CP] Check Pods Manifest.lock */,
				086B555927D1C08B00E844D0 /* Sources */,
				086B555A27D1C08B00E844D0 /* Frameworks */,
				086B555B27D1C08B00E844D0 /* Resources */,
				24A1E491FCA26917C332A282 /* [CP] Embed Pods Frameworks */,
			);
			buildRules = (
			);
			dependencies = (
			);
			name = BaseModuleAppOldConfig;
			productName = BaseModuleAppOldConfig;
			productReference = 086B555D27D1C08B00E844D0 /* BaseModuleAppOldConfig.app */;
			productType = "com.apple.product-type.application";
		};
/* End PBXNativeTarget section */

/* Begin PBXProject section */
		086B555527D1C08B00E844D0 /* Project object */ = {
			isa = PBXProject;
			attributes = {
				BuildIndependentTargetsInParallel = 1;
				LastUpgradeCheck = 1300;
				TargetAttributes = {
					086B555C27D1C08B00E844D0 = {
						CreatedOnToolsVersion = 13.0;
					};
				};
			};
			buildConfigurationList = 086B555827D1C08B00E844D0 /* Build configuration list for PBXProject "BaseModuleAppOldConfig" */;
			compatibilityVersion = "Xcode 13.0";
			developmentRegion = en;
			hasScannedForEncodings = 0;
			knownRegions = (
				en,
				Base,
			);
			mainGroup = 086B555427D1C08B00E844D0;
			productRefGroup = 086B555E27D1C08B00E844D0 /* Products */;
			projectDirPath = "";
			projectRoot = "";
			targets = (
				086B555C27D1C08B00E844D0 /* BaseModuleAppOldConfig */,
			);
		};
/* End PBXProject section */

/* Begin PBXResourcesBuildPhase section */
		086B555B27D1C08B00E844D0 /* Resources */ = {
			isa = PBXResourcesBuildPhase;
			buildActionMask = 2147483647;
			files = (
				086B557027D1C08F00E844D0 /* LaunchScreen.storyboard in Resources */,
				086B556D27D1C08F00E844D0 /* Assets.xcassets in Resources */,
				086B556B27D1C08B00E844D0 /* Main.storyboard in Resources */,
			);
			runOnlyForDeploymentPostprocessing = 0;
		};
/* End PBXResourcesBuildPhase section */

/* Begin PBXShellScriptBuildPhase section */
		24A1E491FCA26917C332A282 /* [CP] Embed Pods Frameworks */ = {
			isa = PBXShellScriptBuildPhase;
			buildActionMask = 2147483647;
			files = (
			);
			inputFileListPaths = (
				"${PODS_ROOT}/Target Support Files/Pods-BaseModuleAppOldConfig/Pods-BaseModuleAppOldConfig-frameworks-${CONFIGURATION}-input-files.xcfilelist",
			);
			name = "[CP] Embed Pods Frameworks";
			outputFileListPaths = (
				"${PODS_ROOT}/Target Support Files/Pods-BaseModuleAppOldConfig/Pods-BaseModuleAppOldConfig-frameworks-${CONFIGURATION}-output-files.xcfilelist",
			);
			runOnlyForDeploymentPostprocessing = 0;
			shellPath = /bin/sh;
			shellScript = "\"${PODS_ROOT}/Target Support Files/Pods-BaseModuleAppOldConfig/Pods-BaseModuleAppOldConfig-frameworks.sh\"\n";
			showEnvVarsInLog = 0;
		};
		74C61CE7B1231FE5151B4FB6 /* [CP] Check Pods Manifest.lock */ = {
			isa = PBXShellScriptBuildPhase;
			buildActionMask = 2147483647;
			files = (
			);
			inputFileListPaths = (
			);
			inputPaths = (
				"${PODS_PODFILE_DIR_PATH}/Podfile.lock",
				"${PODS_ROOT}/Manifest.lock",
			);
			name = "[CP] Check Pods Manifest.lock";
			outputFileListPaths = (
			);
			outputPaths = (
				"$(DERIVED_FILE_DIR)/Pods-BaseModuleAppOldConfig-checkManifestLockResult.txt",
			);
			runOnlyForDeploymentPostprocessing = 0;
			shellPath = /bin/sh;
			shellScript = "diff \"${PODS_PODFILE_DIR_PATH}/Podfile.lock\" \"${PODS_ROOT}/Manifest.lock\" > /dev/null\nif [ $? != 0 ] ; then\n    # print error to STDERR\n    echo \"error: The sandbox is not in sync with the Podfile.lock. Run 'pod install' or update your CocoaPods installation.\" >&2\n    exit 1\nfi\n# This output is used by Xcode 'outputs' to avoid re-running this script phase.\necho \"SUCCESS\" > \"${SCRIPT_OUTPUT_FILE_0}\"\n";
			showEnvVarsInLog = 0;
		};
/* End PBXShellScriptBuildPhase section */

/* Begin PBXSourcesBuildPhase section */
		086B555927D1C08B00E844D0 /* Sources */ = {
			isa = PBXSourcesBuildPhase;
			buildActionMask = 2147483647;
			files = (
				0869E36127E1B3360067E880 /* NSObject+GACRetainCount.m in Sources */,
				086B558027D20F4600E844D0 /* SecondViewController.m in Sources */,
				08D0209727E033ED00281009 /* DownLoader.m in Sources */,
				086B557C27D1E7D200E844D0 /* UIButton+Enlarge.m in Sources */,
				086B556827D1C08B00E844D0 /* MainViewController.m in Sources */,
				086B556227D1C08B00E844D0 /* AppDelegate.m in Sources */,
				08D0209427E02E7000281009 /* NSMutableURLRequest+RangeDownload.m in Sources */,
				08ED1B3F27D740C5007D6DC6 /* HomeNavigationBar.m in Sources */,
				08ED1B1627D5EC96007D6DC6 /* TestObject.m in Sources */,
				08ED1B4727D89634007D6DC6 /* Person.m in Sources */,
				086B557327D1C08F00E844D0 /* main.m in Sources */,
				08ED1B7C27D9D0D0007D6DC6 /* Person+A.m in Sources */,
				08ED1B4327D75B73007D6DC6 /* BarButton.m in Sources */,
			);
			runOnlyForDeploymentPostprocessing = 0;
		};
/* End PBXSourcesBuildPhase section */

/* Begin PBXVariantGroup section */
		086B556927D1C08B00E844D0 /* Main.storyboard */ = {
			isa = PBXVariantGroup;
			children = (
				086B556A27D1C08B00E844D0 /* Base */,
			);
			name = Main.storyboard;
			sourceTree = "<group>";
		};
		086B556E27D1C08F00E844D0 /* LaunchScreen.storyboard */ = {
			isa = PBXVariantGroup;
			children = (
				086B556F27D1C08F00E844D0 /* Base */,
			);
			name = LaunchScreen.storyboard;
			sourceTree = "<group>";
		};
/* End PBXVariantGroup section */

/* Begin XCBuildConfiguration section */
		086B557427D1C08F00E844D0 /* Debug */ = {
			isa = XCBuildConfiguration;
			buildSettings = {
				ALWAYS_SEARCH_USER_PATHS = NO;
				CLANG_ANALYZER_NONNULL = YES;
				CLANG_ANALYZER_NUMBER_OBJECT_CONVERSION = YES_AGGRESSIVE;
				CLANG_CXX_LANGUAGE_STANDARD = "gnu++17";
				CLANG_CXX_LIBRARY = "libc++";
				CLANG_ENABLE_MODULES = YES;
				CLANG_ENABLE_OBJC_ARC = YES;
				CLANG_ENABLE_OBJC_WEAK = YES;
				CLANG_WARN_BLOCK_CAPTURE_AUTORELEASING = YES;
				CLANG_WARN_BOOL_CONVERSION = YES;
				CLANG_WARN_COMMA = YES;
				CLANG_WARN_CONSTANT_CONVERSION = YES;
				CLANG_WARN_DEPRECATED_OBJC_IMPLEMENTATIONS = YES;
				CLANG_WARN_DIRECT_OBJC_ISA_USAGE = YES_ERROR;
				CLANG_WARN_DOCUMENTATION_COMMENTS = YES;
				CLANG_WARN_EMPTY_BODY = YES;
				CLANG_WARN_ENUM_CONVERSION = YES;
				CLANG_WARN_INFINITE_RECURSION = YES;
				CLANG_WARN_INT_CONVERSION = YES;
				CLANG_WARN_NON_LITERAL_NULL_CONVERSION = YES;
				CLANG_WARN_OBJC_IMPLICIT_RETAIN_SELF = YES;
				CLANG_WARN_OBJC_LITERAL_CONVERSION = YES;
				CLANG_WARN_OBJC_ROOT_CLASS = YES_ERROR;
				CLANG_WARN_QUOTED_INCLUDE_IN_FRAMEWORK_HEADER = YES;
				CLANG_WARN_RANGE_LOOP_ANALYSIS = YES;
				CLANG_WARN_STRICT_PROTOTYPES = YES;
				CLANG_WARN_SUSPICIOUS_MOVE = YES;
				CLANG_WARN_UNGUARDED_AVAILABILITY = YES_AGGRESSIVE;
				CLANG_WARN_UNREACHABLE_CODE = YES;
				CLANG_WARN__DUPLICATE_METHOD_MATCH = YES;
				COPY_PHASE_STRIP = NO;
				DEBUG_INFORMATION_FORMAT = dwarf;
				ENABLE_STRICT_OBJC_MSGSEND = YES;
				ENABLE_TESTABILITY = YES;
				GCC_C_LANGUAGE_STANDARD = gnu11;
				GCC_DYNAMIC_NO_PIC = NO;
				GCC_NO_COMMON_BLOCKS = YES;
				GCC_OPTIMIZATION_LEVEL = 0;
				GCC_PREPROCESSOR_DEFINITIONS = (
					"DEBUG=1",
					"$(inherited)",
				);
				GCC_WARN_64_TO_32_BIT_CONVERSION = YES;
				GCC_WARN_ABOUT_RETURN_TYPE = YES_ERROR;
				GCC_WARN_UNDECLARED_SELECTOR = YES;
				GCC_WARN_UNINITIALIZED_AUTOS = YES_AGGRESSIVE;
				GCC_WARN_UNUSED_FUNCTION = YES;
				GCC_WARN_UNUSED_VARIABLE = YES;
				IPHONEOS_DEPLOYMENT_TARGET = 15.0;
				MTL_ENABLE_DEBUG_INFO = INCLUDE_SOURCE;
				MTL_FAST_MATH = YES;
				ONLY_ACTIVE_ARCH = YES;
				SDKROOT = iphoneos;
			};
			name = Debug;
		};
		086B557527D1C08F00E844D0 /* Release */ = {
			isa = XCBuildConfiguration;
			buildSettings = {
				ALWAYS_SEARCH_USER_PATHS = NO;
				CLANG_ANALYZER_NONNULL = YES;
				CLANG_ANALYZER_NUMBER_OBJECT_CONVERSION = YES_AGGRESSIVE;
				CLANG_CXX_LANGUAGE_STANDARD = "gnu++17";
				CLANG_CXX_LIBRARY = "libc++";
				CLANG_ENABLE_MODULES = YES;
				CLANG_ENABLE_OBJC_ARC = YES;
				CLANG_ENABLE_OBJC_WEAK = YES;
				CLANG_WARN_BLOCK_CAPTURE_AUTORELEASING = YES;
				CLANG_WARN_BOOL_CONVERSION = YES;
				CLANG_WARN_COMMA = YES;
				CLANG_WARN_CONSTANT_CONVERSION = YES;
				CLANG_WARN_DEPRECATED_OBJC_IMPLEMENTATIONS = YES;
				CLANG_WARN_DIRECT_OBJC_ISA_USAGE = YES_ERROR;
				CLANG_WARN_DOCUMENTATION_COMMENTS = YES;
				CLANG_WARN_EMPTY_BODY = YES;
				CLANG_WARN_ENUM_CONVERSION = YES;
				CLANG_WARN_INFINITE_RECURSION = YES;
				CLANG_WARN_INT_CONVERSION = YES;
				CLANG_WARN_NON_LITERAL_NULL_CONVERSION = YES;
				CLANG_WARN_OBJC_IMPLICIT_RETAIN_SELF = YES;
				CLANG_WARN_OBJC_LITERAL_CONVERSION = YES;
				CLANG_WARN_OBJC_ROOT_CLASS = YES_ERROR;
				CLANG_WARN_QUOTED_INCLUDE_IN_FRAMEWORK_HEADER = YES;
				CLANG_WARN_RANGE_LOOP_ANALYSIS = YES;
				CLANG_WARN_STRICT_PROTOTYPES = YES;
				CLANG_WARN_SUSPICIOUS_MOVE = YES;
				CLANG_WARN_UNGUARDED_AVAILABILITY = YES_AGGRESSIVE;
				CLANG_WARN_UNREACHABLE_CODE = YES;
				CLANG_WARN__DUPLICATE_METHOD_MATCH = YES;
				COPY_PHASE_STRIP = NO;
				DEBUG_INFORMATION_FORMAT = "dwarf-with-dsym";
				ENABLE_NS_ASSERTIONS = NO;
				ENABLE_STRICT_OBJC_MSGSEND = YES;
				GCC_C_LANGUAGE_STANDARD = gnu11;
				GCC_NO_COMMON_BLOCKS = YES;
				GCC_WARN_64_TO_32_BIT_CONVERSION = YES;
				GCC_WARN_ABOUT_RETURN_TYPE = YES_ERROR;
				GCC_WARN_UNDECLARED_SELECTOR = YES;
				GCC_WARN_UNINITIALIZED_AUTOS = YES_AGGRESSIVE;
				GCC_WARN_UNUSED_FUNCTION = YES;
				GCC_WARN_UNUSED_VARIABLE = YES;
				IPHONEOS_DEPLOYMENT_TARGET = 15.0;
				MTL_ENABLE_DEBUG_INFO = NO;
				MTL_FAST_MATH = YES;
				SDKROOT = iphoneos;
				VALIDATE_PRODUCT = YES;
			};
			name = Release;
		};
		086B557727D1C08F00E844D0 /* Debug */ = {
			isa = XCBuildConfiguration;
			baseConfigurationReference = AE4A3E9CC122F3D502A72DBC /* Pods-BaseModuleAppOldConfig.debug.xcconfig */;
			buildSettings = {
				ASSETCATALOG_COMPILER_APPICON_NAME = AppIcon;
				ASSETCATALOG_COMPILER_GLOBAL_ACCENT_COLOR_NAME = AccentColor;
				CODE_SIGN_STYLE = Automatic;
				CURRENT_PROJECT_VERSION = 1;
				DEVELOPMENT_TEAM = J3P7V5TL23;
				GENERATE_INFOPLIST_FILE = YES;
				INFOPLIST_FILE = BaseModuleAppOldConfig/Info.plist;
				INFOPLIST_KEY_UIApplicationSupportsIndirectInputEvents = YES;
				INFOPLIST_KEY_UILaunchStoryboardName = LaunchScreen;
				INFOPLIST_KEY_UIMainStoryboardFile = Main;
				INFOPLIST_KEY_UISupportedInterfaceOrientations_iPad = "UIInterfaceOrientationPortrait UIInterfaceOrientationPortraitUpsideDown UIInterfaceOrientationLandscapeLeft UIInterfaceOrientationLandscapeRight";
				INFOPLIST_KEY_UISupportedInterfaceOrientations_iPhone = "UIInterfaceOrientationPortrait UIInterfaceOrientationLandscapeLeft UIInterfaceOrientationLandscapeRight";
				IPHONEOS_DEPLOYMENT_TARGET = 10.0;
				LD_RUNPATH_SEARCH_PATHS = (
					"$(inherited)",
					"@executable_path/Frameworks",
				);
				MARKETING_VERSION = 1.0;
				PRODUCT_BUNDLE_IDENTIFIER = samingzhong.BaseModuleAppOldConfig;
				PRODUCT_NAME = "$(TARGET_NAME)";
				SWIFT_EMIT_LOC_STRINGS = YES;
				TARGETED_DEVICE_FAMILY = "1,2";
			};
			name = Debug;
		};
		086B557827D1C08F00E844D0 /* Release */ = {
			isa = XCBuildConfiguration;
			baseConfigurationReference = 5795A7472F3C5E8CA9D6BB38 /* Pods-BaseModuleAppOldConfig.release.xcconfig */;
			buildSettings = {
				ASSETCATALOG_COMPILER_APPICON_NAME = AppIcon;
				ASSETCATALOG_COMPILER_GLOBAL_ACCENT_COLOR_NAME = AccentColor;
				CODE_SIGN_STYLE = Automatic;
				CURRENT_PROJECT_VERSION = 1;
				DEVELOPMENT_TEAM = J3P7V5TL23;
				GENERATE_INFOPLIST_FILE = YES;
				INFOPLIST_FILE = BaseModuleAppOldConfig/Info.plist;
				INFOPLIST_KEY_UIApplicationSupportsIndirectInputEvents = YES;
				INFOPLIST_KEY_UILaunchStoryboardName = LaunchScreen;
				INFOPLIST_KEY_UIMainStoryboardFile = Main;
				INFOPLIST_KEY_UISupportedInterfaceOrientations_iPad = "UIInterfaceOrientationPortrait UIInterfaceOrientationPortraitUpsideDown UIInterfaceOrientationLandscapeLeft UIInterfaceOrientationLandscapeRight";
				INFOPLIST_KEY_UISupportedInterfaceOrientations_iPhone = "UIInterfaceOrientationPortrait UIInterfaceOrientationLandscapeLeft UIInterfaceOrientationLandscapeRight";
				IPHONEOS_DEPLOYMENT_TARGET = 10.0;
				LD_RUNPATH_SEARCH_PATHS = (
					"$(inherited)",
					"@executable_path/Frameworks",
				);
				MARKETING_VERSION = 1.0;
				PRODUCT_BUNDLE_IDENTIFIER = samingzhong.BaseModuleAppOldConfig;
				PRODUCT_NAME = "$(TARGET_NAME)";
				SWIFT_EMIT_LOC_STRINGS = YES;
				TARGETED_DEVICE_FAMILY = "1,2";
			};
			name = Release;
		};
/* End XCBuildConfiguration section */

/* Begin XCConfigurationList section */
		086B555827D1C08B00E844D0 /* Build configuration list for PBXProject "BaseModuleAppOldConfig" */ = {
			isa = XCConfigurationList;
			buildConfigurations = (
				086B557427D1C08F00E844D0 /* Debug */,
				086B557527D1C08F00E844D0 /* Release */,
			);
			defaultConfigurationIsVisible = 0;
			defaultConfigurationName = Release;
		};
		086B557627D1C08F00E844D0 /* Build configuration list for PBXNativeTarget "BaseModuleAppOldConfig" */ = {
			isa = XCConfigurationList;
			buildConfigurations = (
				086B557727D1C08F00E844D0 /* Debug */,
				086B557827D1C08F00E844D0 /* Release */,
			);
			defaultConfigurationIsVisible = 0;
			defaultConfigurationName = Release;
		};
/* End XCConfigurationList section */
	};
	rootObject = 086B555527D1C08B00E844D0 /* Project object */;
}
